<?xml version="1.0" encoding="utf-8"?>
<Project ToolsVersion="4.0" xmlns="http://schemas.microsoft.com/developer/msbuild/2003">
  <ItemGroup>
    <Filter Include="Source Files">
      <UniqueIdentifier>{4FC737F1-C7A5-4376-A066-2A32D752A2FF}</UniqueIdentifier>
      <Extensions>cpp;c;cc;cxx;def;odl;idl;hpj;bat;asm;asmx</Extensions>
    </Filter>
    <Filter Include="Header Files">
      <UniqueIdentifier>{93995380-89BD-4b04-88EB-625FBE52EBFB}</UniqueIdentifier>
      <Extensions>h;hh;hpp;hxx;hm;inl;inc;ipp;xsd</Extensions>
    </Filter>
    <Filter Include="Resource Files">
      <UniqueIdentifier>{67DA6AB6-F800-4c08-8B7A-83BB121AAD01}</UniqueIdentifier>
      <Extensions>rc;ico;cur;bmp;dlg;rc2;rct;bin;rgs;gif;jpg;jpeg;jpe;resx;tiff;tif;png;wav;mfcribbon-ms</Extensions>
    </Filter>
    <Filter Include="Source Files\ReadCSV">
      <UniqueIdentifier>{f8f4fe76-93ff-423f-add2-6bfa22e8ae9e}</UniqueIdentifier>
    </Filter>
    <Filter Include="Source Files\Data">
      <UniqueIdentifier>{309f2399-d343-4dee-8c4a-b61fbd5da66d}</UniqueIdentifier>
    </Filter>
    <Filter Include="Source Files\Fitness">
      <UniqueIdentifier>{883afb5e-8c45-422c-90d9-3ed0b744ca80}</UniqueIdentifier>
    </Filter>
  </ItemGroup>
  <ItemGroup>
    <ClCompile Include="Main.cpp">
      <Filter>Source Files</Filter>
    </ClCompile>
    <ClCompile Include="CSVReader\CSVReader.cpp">
      <Filter>Source Files\ReadCSV</Filter>
    </ClCompile>
    <ClCompile Include="Data\DataCenter.cpp">
      <Filter>Source Files\Data</Filter>
    </ClCompile>
    <ClCompile Include="Fitness\FitnessCalculator.cpp">
      <Filter>Source Files\Fitness</Filter>
    </ClCompile>
  </ItemGroup>
  <ItemGroup>
    <ClInclude Include="CSVReader\CSVReader.h">
      <Filter>Source Files\ReadCSV</Filter>
    </ClInclude>
    <ClInclude Include="Data\DataCenter.h">
      <Filter>Source Files\Data</Filter>
    </ClInclude>
    <ClInclude Include="Data\DataTypes.h">
      <Filter>Source Files</Filter>
    </ClInclude>
    <ClInclude Include="Fitness\FitnessCalculator.h">
      <Filter>Source Files\Fitness</Filter>
    </ClInclude>
  </ItemGroup>
</Project>